
Microsoft Visual Studio Solution File, Format Version 12.00
# Visual Studio 14
VisualStudioVersion = 14.0.25420.1
MinimumVisualStudioVersion = 10.0.40219.1
Project("{FAE04EC0-301F-11D3-BF4B-00C04F79EFBC}") = "LinqToWiki.Core", "LinqToWiki.Core\LinqToWiki.Core.csproj", "{98C63DD2-A2D0-4982-8C8B-ED5AF8AA1EDF}"
EndProject
Project("{FAE04EC0-301F-11D3-BF4B-00C04F79EFBC}") = "LinqToWiki.Samples", "LinqToWiki.Samples\LinqToWiki.Samples.csproj", "{8FDD3001-7AAA-498E-A17E-ECE63C6E1865}"
EndProject
Global
	GlobalSection(SolutionConfigurationPlatforms) = preSolution
		Debug|Any CPU = Debug|Any CPU
		Debug|Mixed Platforms = Debug|Mixed Platforms
		Debug|x86 = Debug|x86
		Release|Any CPU = Release|Any CPU
		Release|Mixed Platforms = Release|Mixed Platforms
		Release|x86 = Release|x86
	EndGlobalSection
	GlobalSection(ProjectConfigurationPlatforms) = postSolution
		{98C63DD2-A2D0-4982-8C8B-ED5AF8AA1EDF}.Debug|Any CPU.ActiveCfg = Debug|x86
		{98C63DD2-A2D0-4982-8C8B-ED5AF8AA1EDF}.Debug|Mixed Platforms.ActiveCfg = Debug|x86
		{98C63DD2-A2D0-4982-8C8B-ED5AF8AA1EDF}.Debug|Mixed Platforms.Build.0 = Debug|x86
		{98C63DD2-A2D0-4982-8C8B-ED5AF8AA1EDF}.Debug|x86.ActiveCfg = Debug|x86
		{98C63DD2-A2D0-4982-8C8B-ED5AF8AA1EDF}.Debug|x86.Build.0 = Debug|x86
		{98C63DD2-A2D0-4982-8C8B-ED5AF8AA1EDF}.Release|Any CPU.ActiveCfg = Release|x86
		{98C63DD2-A2D0-4982-8C8B-ED5AF8AA1EDF}.Release|Mixed Platforms.ActiveCfg = Release|x86
		{98C63DD2-A2D0-4982-8C8B-ED5AF8AA1EDF}.Release|Mixed Platforms.Build.0 = Release|x86
		{98C63DD2-A2D0-4982-8C8B-ED5AF8AA1EDF}.Release|x86.ActiveCfg = Release|x86
		{98C63DD2-A2D0-4982-8C8B-ED5AF8AA1EDF}.Release|x86.Build.0 = Release|x86
		{8FDD3001-7AAA-498E-A17E-ECE63C6E1865}.Debug|Any CPU.ActiveCfg = Debug|x86
		{8FDD3001-7AAA-498E-A17E-ECE63C6E1865}.Debug|Mixed Platforms.ActiveCfg = Debug|x86
		{8FDD3001-7AAA-498E-A17E-ECE63C6E1865}.Debug|Mixed Platforms.Build.0 = Debug|x86
		{8FDD3001-7AAA-498E-A17E-ECE63C6E1865}.Debug|x86.ActiveCfg = Debug|x86
		{8FDD3001-7AAA-498E-A17E-ECE63C6E1865}.Debug|x86.Build.0 = Debug|x86
		{8FDD3001-7AAA-498E-A17E-ECE63C6E1865}.Release|Any CPU.ActiveCfg = Release|x86
		{8FDD3001-7AAA-498E-A17E-ECE63C6E1865}.Release|Mixed Platforms.ActiveCfg = Release|x86
		{8FDD3001-7AAA-498E-A17E-ECE63C6E1865}.Release|Mixed Platforms.Build.0 = Release|x86
		{8FDD3001-7AAA-498E-A17E-ECE63C6E1865}.Release|x86.ActiveCfg = Release|x86
		{8FDD3001-7AAA-498E-A17E-ECE63C6E1865}.Release|x86.Build.0 = Release|x86
	EndGlobalSection
	GlobalSection(SolutionProperties) = preSolution
		HideSolutionNode = FALSE
	EndGlobalSection
EndGlobal
